
Microsoft Visual Studio Solution File, Format Version 12.00
# Visual Studio Version 17
VisualStudioVersion = 17.6.33829.357
MinimumVisualStudioVersion = 10.0.40219.1
Project("{FAE04EC0-301F-11D3-BF4B-00C04F79EFBC}") = "pro1", "pro1\pro1.csproj", "{44DC8307-C246-47E6-87DC-FA2E1E0B5771}"
EndProject
Global
	GlobalSection(SolutionConfigurationPlatforms) = preSolution
		Debug|Any CPU = Debug|Any CPU
		Release|Any CPU = Release|Any CPU
	EndGlobalSection
	GlobalSection(ProjectConfigurationPlatforms) = postSolution
		{44DC8307-C246-47E6-87DC-FA2E1E0B5771}.Debug|Any CPU.ActiveCfg = Debug|Any CPU
		{44DC8307-C246-47E6-87DC-FA2E1E0B5771}.Debug|Any CPU.Build.0 = Debug|Any CPU
		{44DC8307-C246-47E6-87DC-FA2E1E0B5771}.Release|Any CPU.ActiveCfg = Release|Any CPU
		{44DC8307-C246-47E6-87DC-FA2E1E0B5771}.Release|Any CPU.Build.0 = Release|Any CPU
	EndGlobalSection
	GlobalSection(SolutionProperties) = preSolution
		HideSolutionNode = FALSE
	EndGlobalSection
	GlobalSection(ExtensibilityGlobals) = postSolution
		SolutionGuid = {4C0C9879-079F-4EC5-9F48-09E4933A1660}
	EndGlobalSection
EndGlobal
